{
  "version": 4,
  "terraform_version": "1.13.5",
  "serial": 72,
  "lineage": "9adc550f-8ac5-215d-78ea-4d043c2d76b5",
  "outputs": {},
  "resources": [
    {
      "module": "module.project",
      "mode": "managed",
      "type": "google_firebase_project",
      "name": "project",
      "provider": "provider[\"registry.terraform.io/hashicorp/google-beta\"].default",
      "instances": [
        {
          "schema_version": 0,
          "attributes": {
            "display_name": "Autospotr Firebase Trial",
            "id": "projects/terraform-autosport-test4",
            "project": "terraform-autosport-test4",
            "project_number": "758505250578",
            "timeouts": null
          },
          "sensitive_attributes": [],
          "identity_schema_version": 0,
          "private": "eyJlMmJmYjczMC1lY2FhLTExZTYtOGY4OC0zNDM2M2JjN2M0YzAiOnsiY3JlYXRlIjoxMjAwMDAwMDAwMDAwLCJkZWxldGUiOjEyMDAwMDAwMDAwMDB9fQ==",
          "dependencies": [
            "module.project.google_project_service.project"
          ]
        }
      ]
    },
    {
      "module": "module.project",
      "mode": "managed",
      "type": "google_project",
      "name": "project",
      "provider": "provider[\"registry.terraform.io/hashicorp/google-beta\"].no_user_project_override",
      "instances": [
        {
          "schema_version": 1,
          "attributes": {
            "auto_create_network": true,
            "billing_account": "01E76C-EB8399-CD8F1F",
            "deletion_policy": "DELETE",
            "effective_labels": {
              "firebase": "enabled",
              "goog-terraform-provisioned": "true"
            },
            "folder_id": "",
            "id": "projects/terraform-autosport-test4",
            "labels": {
              "firebase": "enabled"
            },
            "name": "Autospotr Firebase Trial",
            "number": "758505250578",
            "org_id": "328237609692",
            "project_id": "terraform-autosport-test4",
            "tags": null,
            "terraform_labels": {
              "firebase": "enabled",
              "goog-terraform-provisioned": "true"
            },
            "timeouts": null
          },
          "sensitive_attributes": [],
          "identity_schema_version": 0,
          "private": "eyJlMmJmYjczMC1lY2FhLTExZTYtOGY4OC0zNDM2M2JjN2M0YzAiOnsiY3JlYXRlIjo2MDAwMDAwMDAwMDAsImRlbGV0ZSI6NjAwMDAwMDAwMDAwLCJyZWFkIjo2MDAwMDAwMDAwMDAsInVwZGF0ZSI6NjAwMDAwMDAwMDAwfSwic2NoZW1hX3ZlcnNpb24iOiIxIn0="
        }
      ]
    },
    {
      "module": "module.project",
      "mode": "managed",
      "type": "google_project_service",
      "name": "project",
      "provider": "provider[\"registry.terraform.io/hashicorp/google-beta\"].no_user_project_override",
      "instances": [
        {
          "index_key": "cloudbilling.googleapis.com",
          "schema_version": 0,
          "attributes": {
            "check_if_service_has_usage_on_destroy": false,
            "disable_dependent_services": null,
            "disable_on_destroy": false,
            "id": "terraform-autosport-test4/cloudbilling.googleapis.com",
            "project": "terraform-autosport-test4",
            "service": "cloudbilling.googleapis.com",
            "timeouts": null
          },
          "sensitive_attributes": [],
          "identity_schema_version": 0,
          "private": "eyJlMmJmYjczMC1lY2FhLTExZTYtOGY4OC0zNDM2M2JjN2M0YzAiOnsiY3JlYXRlIjoxMjAwMDAwMDAwMDAwLCJkZWxldGUiOjEyMDAwMDAwMDAwMDAsInJlYWQiOjYwMDAwMDAwMDAwMCwidXBkYXRlIjoxMjAwMDAwMDAwMDAwfX0="
        },
        {
          "index_key": "cloudresourcemanager.googleapis.com",
          "schema_version": 0,
          "attributes": {
            "check_if_service_has_usage_on_destroy": false,
            "disable_dependent_services": null,
            "disable_on_destroy": false,
            "id": "terraform-autosport-test4/cloudresourcemanager.googleapis.com",
            "project": "terraform-autosport-test4",
            "service": "cloudresourcemanager.googleapis.com",
            "timeouts": null
          },
          "sensitive_attributes": [],
          "identity_schema_version": 0,
          "private": "eyJlMmJmYjczMC1lY2FhLTExZTYtOGY4OC0zNDM2M2JjN2M0YzAiOnsiY3JlYXRlIjoxMjAwMDAwMDAwMDAwLCJkZWxldGUiOjEyMDAwMDAwMDAwMDAsInJlYWQiOjYwMDAwMDAwMDAwMCwidXBkYXRlIjoxMjAwMDAwMDAwMDAwfX0="
        },
        {
          "index_key": "firebase.googleapis.com",
          "schema_version": 0,
          "attributes": {
            "check_if_service_has_usage_on_destroy": false,
            "disable_dependent_services": null,
            "disable_on_destroy": false,
            "id": "terraform-autosport-test4/firebase.googleapis.com",
            "project": "terraform-autosport-test4",
            "service": "firebase.googleapis.com",
            "timeouts": null
          },
          "sensitive_attributes": [],
          "identity_schema_version": 0,
          "private": "eyJlMmJmYjczMC1lY2FhLTExZTYtOGY4OC0zNDM2M2JjN2M0YzAiOnsiY3JlYXRlIjoxMjAwMDAwMDAwMDAwLCJkZWxldGUiOjEyMDAwMDAwMDAwMDAsInJlYWQiOjYwMDAwMDAwMDAwMCwidXBkYXRlIjoxMjAwMDAwMDAwMDAwfX0="
        },
        {
          "index_key": "serviceusage.googleapis.com",
          "schema_version": 0,
          "attributes": {
            "check_if_service_has_usage_on_destroy": false,
            "disable_dependent_services": null,
            "disable_on_destroy": false,
            "id": "terraform-autosport-test4/serviceusage.googleapis.com",
            "project": "terraform-autosport-test4",
            "service": "serviceusage.googleapis.com",
            "timeouts": null
          },
          "sensitive_attributes": [],
          "identity_schema_version": 0,
          "private": "eyJlMmJmYjczMC1lY2FhLTExZTYtOGY4OC0zNDM2M2JjN2M0YzAiOnsiY3JlYXRlIjoxMjAwMDAwMDAwMDAwLCJkZWxldGUiOjEyMDAwMDAwMDAwMDAsInJlYWQiOjYwMDAwMDAwMDAwMCwidXBkYXRlIjoxMjAwMDAwMDAwMDAwfX0="
        }
      ]
    },
    {
      "module": "module.web_app_vms",
      "mode": "data",
      "type": "google_firebase_web_app_config",
      "name": "basic",
      "provider": "provider[\"registry.terraform.io/hashicorp/google-beta\"]",
      "instances": [
        {
          "schema_version": 0,
          "attributes": {
            "api_key": "AIzaSyDNkb9Qyu1rthEoPHuv31oCJRjnH3r2kgc",
            "auth_domain": "terraform-autosport-test4.firebaseapp.com",
            "database_url": "",
            "id": "1:758505250578:web:e8b07c7eed1b9bc3a5ddcb",
            "location_id": "",
            "measurement_id": "",
            "messaging_sender_id": "758505250578",
            "project": "terraform-autosport-test4",
            "storage_bucket": "terraform-autosport-test4.firebasestorage.app",
            "web_app_id": "1:758505250578:web:e8b07c7eed1b9bc3a5ddcb"
          },
          "sensitive_attributes": [],
          "identity_schema_version": 0
        }
      ]
    },
    {
      "module": "module.web_app_vms",
      "mode": "managed",
      "type": "google_firebase_web_app",
      "name": "basic",
      "provider": "provider[\"registry.terraform.io/hashicorp/google-beta\"].default",
      "instances": [
        {
          "schema_version": 0,
          "attributes": {
            "api_key_id": "17b0dae2-4c90-4282-9469-827244bbb4e0",
            "app_id": "1:758505250578:web:e8b07c7eed1b9bc3a5ddcb",
            "app_urls": [],
            "deletion_policy": "DELETE",
            "display_name": "Autospotr VMS",
            "id": "projects/terraform-autosport-test4/webApps/1:758505250578:web:e8b07c7eed1b9bc3a5ddcb",
            "name": "projects/terraform-autosport-test4/webApps/1:758505250578:web:e8b07c7eed1b9bc3a5ddcb",
            "project": "terraform-autosport-test4",
            "timeouts": null
          },
          "sensitive_attributes": [],
          "identity_schema_version": 0,
          "private": "eyJlMmJmYjczMC1lY2FhLTExZTYtOGY4OC0zNDM2M2JjN2M0YzAiOnsiY3JlYXRlIjoxMjAwMDAwMDAwMDAwLCJkZWxldGUiOjEyMDAwMDAwMDAwMDAsInVwZGF0ZSI6MTIwMDAwMDAwMDAwMH19",
          "dependencies": [
            "module.project.google_firebase_project.project",
            "module.project.google_project.project",
            "module.project.google_project_service.project"
          ]
        }
      ]
    }
  ],
  "check_results": null
}
